lockfileVersion: '9.0'

settings:
  autoInstallPeers: true
  excludeLinksFromLockfile: false

importers:

  .:
    dependencies:
      aws-cdk-lib:
        specifier: 2.163.1
        version: 2.163.1(constructs@10.4.2)
      constructs:
        specifier: ^10.4.2
        version: 10.4.2
    devDependencies:
      '@types/node':
        specifier: 22.7.9
        version: 22.7.9
      aws-cdk:
        specifier: 2.163.1
        version: 2.163.1
      source-map-support:
        specifier: ^0.5.21
        version: 0.5.21
      typescript:
        specifier: ~5.6.3
        version: 5.6.3

packages:

  '@aws-cdk/asset-awscli-v1@2.2.208':
    resolution: {integrity: sha512-r4CuHZaiBioU6waWhCNdEL4MO1+rfbcYVS/Ndz1XNGB5cxIRZwAS0Si6qD2D6nsgpPojiruFl67T1t5M9Va8kQ==}

  '@aws-cdk/asset-kubectl-v20@2.1.3':
    resolution: {integrity: sha512-cDG1w3ieM6eOT9mTefRuTypk95+oyD7P5X/wRltwmYxU7nZc3+076YEVS6vrjDKr3ADYbfn0lDKpfB1FBtO9CQ==}

  '@aws-cdk/asset-node-proxy-agent-v6@2.1.0':
    resolution: {integrity: sha512-7bY3J8GCVxLupn/kNmpPc5VJz8grx+4RKfnnJiO1LG+uxkZfANZG3RMHhE+qQxxwkyQ9/MfPtTpf748UhR425A==}

  '@aws-cdk/cloud-assembly-schema@38.0.1':
    resolution: {integrity: sha512-KvPe+NMWAulfNVwY7jenFhzhuLhLqJ/OPy5jx7wUstbjnYnjRVLpUHPU3yCjXFE0J8cuJVdx95BJ4rOs66Pi9w==}
    bundledDependencies:
      - jsonschema
      - semver

  '@types/node@22.7.9':
    resolution: {integrity: sha512-jrTfRC7FM6nChvU7X2KqcrgquofrWLFDeYC1hKfwNWomVvrn7JIksqf344WN2X/y8xrgqBd2dJATZV4GbatBfg==}

  aws-cdk-lib@2.163.1:
    resolution: {integrity: sha512-Vw0fMOW6BsdQqIILFfl5qCcmZAJxuLmh1SMBIoQ34k3rUFUmKwUH7PtRXbcHK3N9Sy0WzmF70ys05YqCDdhTSQ==}
    engines: {node: '>= 14.15.0'}
    peerDependencies:
      constructs: ^10.0.0
    bundledDependencies:
      - '@balena/dockerignore'
      - case
      - fs-extra
      - ignore
      - jsonschema
      - minimatch
      - punycode
      - semver
      - table
      - yaml
      - mime-types

  aws-cdk@2.163.1:
    resolution: {integrity: sha512-EBkiWBC3MTnkcYRLBaAPXQoZkzPyB97X21PN/YQUdCmNiz7SJT0F5kQdfKtKsY6RnYsj+pufYMb7n+R07i/t1w==}
    engines: {node: '>= 14.15.0'}
    hasBin: true

  buffer-from@1.1.2:
    resolution: {integrity: sha512-E+XQCRwSbaaiChtv6k6Dwgc+bx+Bs6vuKJHHl5kox/BaKbhiXzqQOwK4cO22yElGp2OCmjwVhT3HmxgyPGnJfQ==}

  constructs@10.4.2:
    resolution: {integrity: sha512-wsNxBlAott2qg8Zv87q3eYZYgheb9lchtBfjHzzLHtXbttwSrHPs1NNQbBrmbb1YZvYg2+Vh0Dor76w4mFxJkA==}

  fsevents@2.3.2:
    resolution: {integrity: sha512-xiqMQR4xAeHTuB9uWm+fFRcIOgKBMiOBP+eXiyT7jsgVCq1bkVygt00oASowB7EdtpOHaaPgKt812P9ab+DDKA==}
    engines: {node: ^8.16.0 || ^10.6.0 || >=11.0.0}
    os: [darwin]

  source-map-support@0.5.21:
    resolution: {integrity: sha512-uBHU3L3czsIyYXKX88fdrGovxdSCoTGDRZ6SYXtSRxLZUzHg5P/66Ht6uoUlHu9EZod+inXhKo3qQgwXUT/y1w==}

  source-map@0.6.1:
    resolution: {integrity: sha512-UjgapumWlbMhkBgzT7Ykc5YXUT46F0iKu8SGXq0bcwP5dz/h0Plj6enJqjz1Zbq2l5WaqYnrVbwWOWMyF3F47g==}
    engines: {node: '>=0.10.0'}

  typescript@5.6.3:
    resolution: {integrity: sha512-hjcS1mhfuyi4WW8IWtjP7brDrG2cuDZukyrYrSauoXGNgx0S7zceP07adYkJycEr56BOUTNPzbInooiN3fn1qw==}
    engines: {node: '>=14.17'}
    hasBin: true

  undici-types@6.19.8:
    resolution: {integrity: sha512-ve2KP6f/JnbPBFyobGHuerC9g1FYGn/F8n1LWTwNxCEzd6IfqTwUQcNXgEtmmQ6DlRrC1hrSrBnCZPokRrDHjw==}

snapshots:

  '@aws-cdk/asset-awscli-v1@2.2.208': {}

  '@aws-cdk/asset-kubectl-v20@2.1.3': {}

  '@aws-cdk/asset-node-proxy-agent-v6@2.1.0': {}

  '@aws-cdk/cloud-assembly-schema@38.0.1': {}

  '@types/node@22.7.9':
    dependencies:
      undici-types: 6.19.8

  aws-cdk-lib@2.163.1(constructs@10.4.2):
    dependencies:
      '@aws-cdk/asset-awscli-v1': 2.2.208
      '@aws-cdk/asset-kubectl-v20': 2.1.3
      '@aws-cdk/asset-node-proxy-agent-v6': 2.1.0
      '@aws-cdk/cloud-assembly-schema': 38.0.1
      constructs: 10.4.2

  aws-cdk@2.163.1:
    optionalDependencies:
      fsevents: 2.3.2

  buffer-from@1.1.2: {}

  constructs@10.4.2: {}

  fsevents@2.3.2:
    optional: true

  source-map-support@0.5.21:
    dependencies:
      buffer-from: 1.1.2
      source-map: 0.6.1

  source-map@0.6.1: {}

  typescript@5.6.3: {}

  undici-types@6.19.8: {}
